
Microsoft Visual Studio Solution File, Format Version 12.00
# Visual Studio Version 16
VisualStudioVersion = 16.0.31605.320
MinimumVisualStudioVersion = 10.0.40219.1
Project("{FAE04EC0-301F-11D3-BF4B-00C04F79EFBC}") = "10_Dictionary", "10_Dictionary\10_Dictionary.csproj", "{95FB405A-1A92-4A43-BBC7-3DDBD9A0DBC1}"
EndProject
Global
	GlobalSection(SolutionConfigurationPlatforms) = preSolution
		Debug|Any CPU = Debug|Any CPU
		Release|Any CPU = Release|Any CPU
	EndGlobalSection
	GlobalSection(ProjectConfigurationPlatforms) = postSolution
		{95FB405A-1A92-4A43-BBC7-3DDBD9A0DBC1}.Debug|Any CPU.ActiveCfg = Debug|Any CPU
		{95FB405A-1A92-4A43-BBC7-3DDBD9A0DBC1}.Debug|Any CPU.Build.0 = Debug|Any CPU
		{95FB405A-1A92-4A43-BBC7-3DDBD9A0DBC1}.Release|Any CPU.ActiveCfg = Release|Any CPU
		{95FB405A-1A92-4A43-BBC7-3DDBD9A0DBC1}.Release|Any CPU.Build.0 = Release|Any CPU
	EndGlobalSection
	GlobalSection(SolutionProperties) = preSolution
		HideSolutionNode = FALSE
	EndGlobalSection
	GlobalSection(ExtensibilityGlobals) = postSolution
		SolutionGuid = {E01C056B-9553-435A-ADF9-BA7F918AB777}
	EndGlobalSection
EndGlobal
