
Microsoft Visual Studio Solution File, Format Version 12.00
# Visual Studio Version 16
VisualStudioVersion = 16.0.31605.320
MinimumVisualStudioVersion = 10.0.40219.1
Project("{FAE04EC0-301F-11D3-BF4B-00C04F79EFBC}") = "KissaTehtavaAM", "KissaTehtavaAM\KissaTehtavaAM.csproj", "{6435CD2A-11AA-43D6-B678-38A51D448352}"
EndProject
Global
	GlobalSection(SolutionConfigurationPlatforms) = preSolution
		Debug|Any CPU = Debug|Any CPU
		Release|Any CPU = Release|Any CPU
	EndGlobalSection
	GlobalSection(ProjectConfigurationPlatforms) = postSolution
		{6435CD2A-11AA-43D6-B678-38A51D448352}.Debug|Any CPU.ActiveCfg = Debug|Any CPU
		{6435CD2A-11AA-43D6-B678-38A51D448352}.Debug|Any CPU.Build.0 = Debug|Any CPU
		{6435CD2A-11AA-43D6-B678-38A51D448352}.Release|Any CPU.ActiveCfg = Release|Any CPU
		{6435CD2A-11AA-43D6-B678-38A51D448352}.Release|Any CPU.Build.0 = Release|Any CPU
	EndGlobalSection
	GlobalSection(SolutionProperties) = preSolution
		HideSolutionNode = FALSE
	EndGlobalSection
	GlobalSection(ExtensibilityGlobals) = postSolution
		SolutionGuid = {0046DC71-F217-46AB-BE9C-8B82EFC4C1CB}
	EndGlobalSection
EndGlobal
