
Microsoft Visual Studio Solution File, Format Version 12.00
# Visual Studio Version 16
VisualStudioVersion = 16.0.31105.61
MinimumVisualStudioVersion = 10.0.40219.1
Project("{FAE04EC0-301F-11D3-BF4B-00C04F79EFBC}") = "Nopanheitto", "Nopanheitto\Nopanheitto.csproj", "{88FF20E4-B4FA-433D-8D6A-A5E9AA4BDDC4}"
EndProject
Global
	GlobalSection(SolutionConfigurationPlatforms) = preSolution
		Debug|Any CPU = Debug|Any CPU
		Release|Any CPU = Release|Any CPU
	EndGlobalSection
	GlobalSection(ProjectConfigurationPlatforms) = postSolution
		{88FF20E4-B4FA-433D-8D6A-A5E9AA4BDDC4}.Debug|Any CPU.ActiveCfg = Debug|Any CPU
		{88FF20E4-B4FA-433D-8D6A-A5E9AA4BDDC4}.Debug|Any CPU.Build.0 = Debug|Any CPU
		{88FF20E4-B4FA-433D-8D6A-A5E9AA4BDDC4}.Release|Any CPU.ActiveCfg = Release|Any CPU
		{88FF20E4-B4FA-433D-8D6A-A5E9AA4BDDC4}.Release|Any CPU.Build.0 = Release|Any CPU
	EndGlobalSection
	GlobalSection(SolutionProperties) = preSolution
		HideSolutionNode = FALSE
	EndGlobalSection
	GlobalSection(ExtensibilityGlobals) = postSolution
		SolutionGuid = {5A1C1993-0803-4964-AE1E-70800FBE0BF0}
	EndGlobalSection
EndGlobal
