
Microsoft Visual Studio Solution File, Format Version 12.00
# Visual Studio Version 16
VisualStudioVersion = 16.0.31105.61
MinimumVisualStudioVersion = 10.0.40219.1
Project("{FAE04EC0-301F-11D3-BF4B-00C04F79EFBC}") = "Tehtava8", "Tehtava8\Tehtava8.csproj", "{7DE21C13-2F6B-4487-8FEF-185CEE37E6CE}"
EndProject
Global
	GlobalSection(SolutionConfigurationPlatforms) = preSolution
		Debug|Any CPU = Debug|Any CPU
		Release|Any CPU = Release|Any CPU
	EndGlobalSection
	GlobalSection(ProjectConfigurationPlatforms) = postSolution
		{7DE21C13-2F6B-4487-8FEF-185CEE37E6CE}.Debug|Any CPU.ActiveCfg = Debug|Any CPU
		{7DE21C13-2F6B-4487-8FEF-185CEE37E6CE}.Debug|Any CPU.Build.0 = Debug|Any CPU
		{7DE21C13-2F6B-4487-8FEF-185CEE37E6CE}.Release|Any CPU.ActiveCfg = Release|Any CPU
		{7DE21C13-2F6B-4487-8FEF-185CEE37E6CE}.Release|Any CPU.Build.0 = Release|Any CPU
	EndGlobalSection
	GlobalSection(SolutionProperties) = preSolution
		HideSolutionNode = FALSE
	EndGlobalSection
	GlobalSection(ExtensibilityGlobals) = postSolution
		SolutionGuid = {3AE46E27-F6A2-4B55-B0E4-9C4442E6E91A}
	EndGlobalSection
EndGlobal
