
Microsoft Visual Studio Solution File, Format Version 12.00
# Visual Studio Version 16
VisualStudioVersion = 16.0.31105.61
MinimumVisualStudioVersion = 10.0.40219.1
Project("{FAE04EC0-301F-11D3-BF4B-00C04F79EFBC}") = "Tehtava17_2", "Tehtava17_2\Tehtava17_2.csproj", "{9FB35BAF-8678-4357-84A3-09E5A3872C5C}"
EndProject
Global
	GlobalSection(SolutionConfigurationPlatforms) = preSolution
		Debug|Any CPU = Debug|Any CPU
		Release|Any CPU = Release|Any CPU
	EndGlobalSection
	GlobalSection(ProjectConfigurationPlatforms) = postSolution
		{9FB35BAF-8678-4357-84A3-09E5A3872C5C}.Debug|Any CPU.ActiveCfg = Debug|Any CPU
		{9FB35BAF-8678-4357-84A3-09E5A3872C5C}.Debug|Any CPU.Build.0 = Debug|Any CPU
		{9FB35BAF-8678-4357-84A3-09E5A3872C5C}.Release|Any CPU.ActiveCfg = Release|Any CPU
		{9FB35BAF-8678-4357-84A3-09E5A3872C5C}.Release|Any CPU.Build.0 = Release|Any CPU
	EndGlobalSection
	GlobalSection(SolutionProperties) = preSolution
		HideSolutionNode = FALSE
	EndGlobalSection
	GlobalSection(ExtensibilityGlobals) = postSolution
		SolutionGuid = {FB746E91-FEED-488E-809C-7E37294B7EB6}
	EndGlobalSection
EndGlobal
