
Microsoft Visual Studio Solution File, Format Version 12.00
# Visual Studio Version 16
VisualStudioVersion = 16.0.31129.286
MinimumVisualStudioVersion = 10.0.40219.1
Project("{FAE04EC0-301F-11D3-BF4B-00C04F79EFBC}") = "pyramid2", "pyramid2\pyramid2.csproj", "{864EDDA0-1451-452F-ADB8-9E3831AAB9A0}"
EndProject
Global
	GlobalSection(SolutionConfigurationPlatforms) = preSolution
		Debug|Any CPU = Debug|Any CPU
		Release|Any CPU = Release|Any CPU
	EndGlobalSection
	GlobalSection(ProjectConfigurationPlatforms) = postSolution
		{864EDDA0-1451-452F-ADB8-9E3831AAB9A0}.Debug|Any CPU.ActiveCfg = Debug|Any CPU
		{864EDDA0-1451-452F-ADB8-9E3831AAB9A0}.Debug|Any CPU.Build.0 = Debug|Any CPU
		{864EDDA0-1451-452F-ADB8-9E3831AAB9A0}.Release|Any CPU.ActiveCfg = Release|Any CPU
		{864EDDA0-1451-452F-ADB8-9E3831AAB9A0}.Release|Any CPU.Build.0 = Release|Any CPU
	EndGlobalSection
	GlobalSection(SolutionProperties) = preSolution
		HideSolutionNode = FALSE
	EndGlobalSection
	GlobalSection(ExtensibilityGlobals) = postSolution
		SolutionGuid = {A4680C29-B80F-4968-AA8C-27F3AFC3CB1C}
	EndGlobalSection
EndGlobal
