
Microsoft Visual Studio Solution File, Format Version 12.00
# Visual Studio Version 16
VisualStudioVersion = 16.0.31105.61
MinimumVisualStudioVersion = 10.0.40219.1
Project("{FAE04EC0-301F-11D3-BF4B-00C04F79EFBC}") = "Tehtava18", "Tehtava18\Tehtava18.csproj", "{2D6D3894-0A7B-497E-8DD9-E9BDDFD54282}"
EndProject
Global
	GlobalSection(SolutionConfigurationPlatforms) = preSolution
		Debug|Any CPU = Debug|Any CPU
		Release|Any CPU = Release|Any CPU
	EndGlobalSection
	GlobalSection(ProjectConfigurationPlatforms) = postSolution
		{2D6D3894-0A7B-497E-8DD9-E9BDDFD54282}.Debug|Any CPU.ActiveCfg = Debug|Any CPU
		{2D6D3894-0A7B-497E-8DD9-E9BDDFD54282}.Debug|Any CPU.Build.0 = Debug|Any CPU
		{2D6D3894-0A7B-497E-8DD9-E9BDDFD54282}.Release|Any CPU.ActiveCfg = Release|Any CPU
		{2D6D3894-0A7B-497E-8DD9-E9BDDFD54282}.Release|Any CPU.Build.0 = Release|Any CPU
	EndGlobalSection
	GlobalSection(SolutionProperties) = preSolution
		HideSolutionNode = FALSE
	EndGlobalSection
	GlobalSection(ExtensibilityGlobals) = postSolution
		SolutionGuid = {DBC7A9AA-2F73-4195-AAF7-3E68B25D1D4C}
	EndGlobalSection
EndGlobal
